{
    "_meta": {
        "hash": {
            "sha256": "0a81f370746fce38a96c5849e0918f207bb1a48ef657a960d73325d877cbfbc0"
        },
        "pipfile-spec": 6,
        "requires": {
            "python_version": "3.9.19"
        },
        "sources": [
            {
                "name": "pypi",
                "url": "https://pypi.org/simple",
                "verify_ssl": true
            }
        ]
    },
    "default": {
        "certifi": {
            "hashes": [
                "sha256:3d5da6925056f6f18f119200434a4780a94263f10d1c21d032a6f6b2baa20651",
                "sha256:ca78db4565a652026a4db2bcdf68f2fb589ea80d0be70e03929ed730746b84fe"
            ],
            "markers": "python_version >= '3.6'",
            "version": "==2025.1.31"
        },
        "charset-normalizer": {
            "hashes": [
                "sha256:0167ddc8ab6508fe81860a57dd472b2ef4060e8d378f0cc555707126830f2537",
                "sha256:01732659ba9b5b873fc117534143e4feefecf3b2078b0a6a2e925271bb6f4cfa",
                "sha256:01ad647cdd609225c5350561d084b42ddf732f4eeefe6e678765636791e78b9a",
                "sha256:04432ad9479fa40ec0f387795ddad4437a2b50417c69fa275e212933519ff294",
                "sha256:0907f11d019260cdc3f94fbdb23ff9125f6b5d1039b76003b5b0ac9d6a6c9d5b",
                "sha256:0924e81d3d5e70f8126529951dac65c1010cdf117bb75eb02dd12339b57749dd",
                "sha256:09b26ae6b1abf0d27570633b2b078a2a20419c99d66fb2823173d73f188ce601",
                "sha256:09b5e6733cbd160dcc09589227187e242a30a49ca5cefa5a7edd3f9d19ed53fd",
                "sha256:0af291f4fe114be0280cdd29d533696a77b5b49cfde5467176ecab32353395c4",
                "sha256:0f55e69f030f7163dffe9fd0752b32f070566451afe180f99dbeeb81f511ad8d",
                "sha256:1a2bc9f351a75ef49d664206d51f8e5ede9da246602dc2d2726837620ea034b2",
                "sha256:22e14b5d70560b8dd51ec22863f370d1e595ac3d024cb8ad7d308b4cd95f8313",
                "sha256:234ac59ea147c59ee4da87a0c0f098e9c8d169f4dc2a159ef720f1a61bbe27cd",
                "sha256:2369eea1ee4a7610a860d88f268eb39b95cb588acd7235e02fd5a5601773d4fa",
                "sha256:237bdbe6159cff53b4f24f397d43c6336c6b0b42affbe857970cefbb620911c8",
                "sha256:28bf57629c75e810b6ae989f03c0828d64d6b26a5e205535585f96093e405ed1",
                "sha256:2967f74ad52c3b98de4c3b32e1a44e32975e008a9cd2a8cc8966d6a5218c5cb2",
                "sha256:2a75d49014d118e4198bcee5ee0a6f25856b29b12dbf7cd012791f8a6cc5c496",
                "sha256:2bdfe3ac2e1bbe5b59a1a63721eb3b95fc9b6817ae4a46debbb4e11f6232428d",
                "sha256:2d074908e1aecee37a7635990b2c6d504cd4766c7bc9fc86d63f9c09af3fa11b",
                "sha256:2fb9bd477fdea8684f78791a6de97a953c51831ee2981f8e4f583ff3b9d9687e",
                "sha256:311f30128d7d333eebd7896965bfcfbd0065f1716ec92bd5638d7748eb6f936a",
                "sha256:329ce159e82018d646c7ac45b01a430369d526569ec08516081727a20e9e4af4",
                "sha256:345b0426edd4e18138d6528aed636de7a9ed169b4aaf9d61a8c19e39d26838ca",
                "sha256:363e2f92b0f0174b2f8238240a1a30142e3db7b957a5dd5689b0e75fb717cc78",
                "sha256:3a3bd0dcd373514dcec91c411ddb9632c0d7d92aed7093b8c3bbb6d69ca74408",
                "sha256:3bed14e9c89dcb10e8f3a29f9ccac4955aebe93c71ae803af79265c9ca5644c5",
                "sha256:44251f18cd68a75b56585dd00dae26183e102cd5e0f9f1466e6df5da2ed64ea3",
                "sha256:44ecbf16649486d4aebafeaa7ec4c9fed8b88101f4dd612dcaf65d5e815f837f",
                "sha256:4532bff1b8421fd0a320463030c7520f56a79c9024a4e88f01c537316019005a",
                "sha256:49402233c892a461407c512a19435d1ce275543138294f7ef013f0b63d5d3765",
                "sha256:4c0907b1928a36d5a998d72d64d8eaa7244989f7aaaf947500d3a800c83a3fd6",
                "sha256:4d86f7aff21ee58f26dcf5ae81a9addbd914115cdebcbb2217e4f0ed8982e146",
                "sha256:5777ee0881f9499ed0f71cc82cf873d9a0ca8af166dfa0af8ec4e675b7df48e6",
                "sha256:5df196eb874dae23dcfb968c83d4f8fdccb333330fe1fc278ac5ceeb101003a9",
                "sha256:619a609aa74ae43d90ed2e89bdd784765de0a25ca761b93e196d938b8fd1dbbd",
                "sha256:6e27f48bcd0957c6d4cb9d6fa6b61d192d0b13d5ef563e5f2ae35feafc0d179c",
                "sha256:6ff8a4a60c227ad87030d76e99cd1698345d4491638dfa6673027c48b3cd395f",
                "sha256:73d94b58ec7fecbc7366247d3b0b10a21681004153238750bb67bd9012414545",
                "sha256:7461baadb4dc00fd9e0acbe254e3d7d2112e7f92ced2adc96e54ef6501c5f176",
                "sha256:75832c08354f595c760a804588b9357d34ec00ba1c940c15e31e96d902093770",
                "sha256:7709f51f5f7c853f0fb938bcd3bc59cdfdc5203635ffd18bf354f6967ea0f824",
                "sha256:78baa6d91634dfb69ec52a463534bc0df05dbd546209b79a3880a34487f4b84f",
                "sha256:7974a0b5ecd505609e3b19742b60cee7aa2aa2fb3151bc917e6e2646d7667dcf",
                "sha256:7a4f97a081603d2050bfaffdefa5b02a9ec823f8348a572e39032caa8404a487",
                "sha256:7b1bef6280950ee6c177b326508f86cad7ad4dff12454483b51d8b7d673a2c5d",
                "sha256:7d053096f67cd1241601111b698f5cad775f97ab25d81567d3f59219b5f1adbd",
                "sha256:804a4d582ba6e5b747c625bf1255e6b1507465494a40a2130978bda7b932c90b",
                "sha256:807f52c1f798eef6cf26beb819eeb8819b1622ddfeef9d0977a8502d4db6d534",
                "sha256:80ed5e856eb7f30115aaf94e4a08114ccc8813e6ed1b5efa74f9f82e8509858f",
                "sha256:8417cb1f36cc0bc7eaba8ccb0e04d55f0ee52df06df3ad55259b9a323555fc8b",
                "sha256:8436c508b408b82d87dc5f62496973a1805cd46727c34440b0d29d8a2f50a6c9",
                "sha256:89149166622f4db9b4b6a449256291dc87a99ee53151c74cbd82a53c8c2f6ccd",
                "sha256:8bfa33f4f2672964266e940dd22a195989ba31669bd84629f05fab3ef4e2d125",
                "sha256:8c60ca7339acd497a55b0ea5d506b2a2612afb2826560416f6894e8b5770d4a9",
                "sha256:91b36a978b5ae0ee86c394f5a54d6ef44db1de0815eb43de826d41d21e4af3de",
                "sha256:955f8851919303c92343d2f66165294848d57e9bba6cf6e3625485a70a038d11",
                "sha256:97f68b8d6831127e4787ad15e6757232e14e12060bec17091b85eb1486b91d8d",
                "sha256:9b23ca7ef998bc739bf6ffc077c2116917eabcc901f88da1b9856b210ef63f35",
                "sha256:9f0b8b1c6d84c8034a44893aba5e767bf9c7a211e313a9605d9c617d7083829f",
                "sha256:aabfa34badd18f1da5ec1bc2715cadc8dca465868a4e73a0173466b688f29dda",
                "sha256:ab36c8eb7e454e34e60eb55ca5d241a5d18b2c6244f6827a30e451c42410b5f7",
                "sha256:b010a7a4fd316c3c484d482922d13044979e78d1861f0e0650423144c616a46a",
                "sha256:b1ac5992a838106edb89654e0aebfc24f5848ae2547d22c2c3f66454daa11971",
                "sha256:b7b2d86dd06bfc2ade3312a83a5c364c7ec2e3498f8734282c6c3d4b07b346b8",
                "sha256:b97e690a2118911e39b4042088092771b4ae3fc3aa86518f84b8cf6888dbdb41",
                "sha256:bc2722592d8998c870fa4e290c2eec2c1569b87fe58618e67d38b4665dfa680d",
                "sha256:c0429126cf75e16c4f0ad00ee0eae4242dc652290f940152ca8c75c3a4b6ee8f",
                "sha256:c30197aa96e8eed02200a83fba2657b4c3acd0f0aa4bdc9f6c1af8e8962e0757",
                "sha256:c4c3e6da02df6fa1410a7680bd3f63d4f710232d3139089536310d027950696a",
                "sha256:c75cb2a3e389853835e84a2d8fb2b81a10645b503eca9bcb98df6b5a43eb8886",
                "sha256:c96836c97b1238e9c9e3fe90844c947d5afbf4f4c92762679acfe19927d81d77",
                "sha256:d7f50a1f8c450f3925cb367d011448c39239bb3eb4117c36a6d354794de4ce76",
                "sha256:d973f03c0cb71c5ed99037b870f2be986c3c05e63622c017ea9816881d2dd247",
                "sha256:d98b1668f06378c6dbefec3b92299716b931cd4e6061f3c875a71ced1780ab85",
                "sha256:d9c3cdf5390dcd29aa8056d13e8e99526cda0305acc038b96b30352aff5ff2bb",
                "sha256:dad3e487649f498dd991eeb901125411559b22e8d7ab25d3aeb1af367df5efd7",
                "sha256:dccbe65bd2f7f7ec22c4ff99ed56faa1e9f785482b9bbd7c717e26fd723a1d1e",
                "sha256:dd78cfcda14a1ef52584dbb008f7ac81c1328c0f58184bf9a84c49c605002da6",
                "sha256:e218488cd232553829be0664c2292d3af2eeeb94b32bea483cf79ac6a694e037",
                "sha256:e358e64305fe12299a08e08978f51fc21fac060dcfcddd95453eabe5b93ed0e1",
                "sha256:ea0d8d539afa5eb2728aa1932a988a9a7af94f18582ffae4bc10b3fbdad0626e",
                "sha256:eab677309cdb30d047996b36d34caeda1dc91149e4fdca0b1a039b3f79d9a807",
                "sha256:eb8178fe3dba6450a3e024e95ac49ed3400e506fd4e9e5c32d30adda88cbd407",
                "sha256:ecddf25bee22fe4fe3737a399d0d177d72bc22be6913acfab364b40bce1ba83c",
                "sha256:eea6ee1db730b3483adf394ea72f808b6e18cf3cb6454b4d86e04fa8c4327a12",
                "sha256:f08ff5e948271dc7e18a35641d2f11a4cd8dfd5634f55228b691e62b37125eb3",
                "sha256:f30bf9fd9be89ecb2360c7d94a711f00c09b976258846efe40db3d05828e8089",
                "sha256:fa88b843d6e211393a37219e6a1c1df99d35e8fd90446f1118f4216e307e48cd",
                "sha256:fc54db6c8593ef7d4b2a331b58653356cf04f67c960f584edb7c3d8c97e8f39e",
                "sha256:fd4ec41f914fa74ad1b8304bbc634b3de73d2a0889bd32076342a573e0779e00",
                "sha256:ffc9202a29ab3920fa812879e95a9e78b2465fd10be7fcbd042899695d75e616"
            ],
            "markers": "python_version >= '3.7'",
            "version": "==3.4.1"
        },
        "dnspython": {
            "hashes": [
                "sha256:b4c34b7d10b51bcc3a5071e7b8dee77939f1e878477eeecc965e9835f63c6c86",
                "sha256:ce9c432eda0dc91cf618a5cedf1a4e142651196bbcd2c80e89ed5a907e5cfaf1"
            ],
            "markers": "python_version >= '3.9'",
            "version": "==2.7.0"
        },
        "docker": {
            "hashes": [
                "sha256:ad8c70e6e3f8926cb8a92619b832b4ea5299e2831c14284663184e200546fa6c",
                "sha256:c96b93b7f0a746f9e77d325bcfb87422a3d8bd4f03136ae8a85b37f1898d5fc0"
            ],
            "index": "pypi",
            "markers": "python_version >= '3.8'",
            "version": "==7.1.0"
        },
        "idna": {
            "hashes": [
                "sha256:12f65c9b470abda6dc35cf8e63cc574b1c52b11df2c86030af0ac09b01b13ea9",
                "sha256:946d195a0d259cbba61165e88e65941f16e9b36ea6ddb97f00452bae8b1287d3"
            ],
            "markers": "python_version >= '3.6'",
            "version": "==3.10"
        },
        "jsonrpcbase": {
            "hashes": [
                "sha256:7ea67fc1a7c87756e9a876e18a342e431e80d0ef3ba867dfd6f3fac5bf3fcc0d"
            ],
            "index": "pypi",
            "version": "==0.2.0"
        },
        "pymongo": {
            "hashes": [
                "sha256:01227e6bc75a949f7d3303005e27707a0e14a941dc63a183cd449c80e7853fe3",
                "sha256:092ed5f3a53b546f8350a77976dabb0a11105d6b7c0f86a39934464168c97cff",
                "sha256:099d3e2dddfc75760c6a8fadfb99c1e88824a99c2c204a829601241dff9da049",
                "sha256:1151968ab90db146f0591b6c7db27ce4f73c7ffa0bbddc1d7fb7cb14c9f0b967",
                "sha256:1202b3e5357b161acb7b7cc98e730288a5c15544e5ef7254b33931cb9a27c36e",
                "sha256:1b545dcf66a9f06e9b501bfb0438e1eb9af67336e8a5cf36c4bc0a5d3fbe7a37",
                "sha256:1e2623deb5be1b5bc23319ba5ab435b5a526a1e92739ff0e0e9048823f295460",
                "sha256:1e4070593ea98bc6def3c84cfc6de28da289e4ed944bb20845f9de9beefb0921",
                "sha256:1ecc544f515f828f05d3c56cd98063ba3ef8b75f534c63de43306d59f1e93fcd",
                "sha256:1f410694fdd76631ead7df6544cdeadaf2407179196c3642fced8e48bb21d0a6",
                "sha256:20af63218ae42870eaee31fb8cc4ce9e3af7f04ea02fc98ad751fb7a9c8d7be3",
                "sha256:20d9c11625392f1f8dec7688de5ce344e110ca695344efa313ae4839f13bd017",
                "sha256:21d17bb2934b0640863361c08dd06991f128a97f9bee19425a499227be9ae6b4",
                "sha256:266aa37e3673e5dcfdd359a81d27131fc133e49cf8e5d9f9f27a5845fac2cd1f",
                "sha256:2883da6bd0545cc2f12672f6a609b33d48e099a220872ca2bf9bf29fe96a32c3",
                "sha256:2b736226f9001bbbd02f822acb9b9b6d28319f362f057672dfae2851f7da6125",
                "sha256:2fc32b354a608ec748d89bbe236b74b967890667eea1af54e92dfd8fbf26df52",
                "sha256:397fa40b6d331949debd3e0892c420a81a44e7e0f5a570661910b0c57a7e7431",
                "sha256:3a45876c5c2ab44e2a249fb542eba2a026f60d6ab04c7ef3924eae338d9de790",
                "sha256:3a8d6bf2610abe0c97c567cf98bf5bba3e90ccc93cc03c9dde75fa11e4267b42",
                "sha256:3b75ec7006471299a571d6db1c5609ea4aa9c847a701e9b2953a8ede705d82db",
                "sha256:3be2336715924be3a861b5e40c634376fd6bfe6dd1892d391566aa5a88a31307",
                "sha256:3c006cbaa4b40d296dd2bb8828976866c876ead4c39032b761dcf26f1ba56fde",
                "sha256:41891b45f6ff1e23cfd1b7fbe40286664ad4507e2d2aa61c6d8c40eb6e11dded",
                "sha256:45fec063f5672e6173bcb09b492431e3641cc74399c2b996fcb995881c2cac61",
                "sha256:50505181365eba5d4d35c462870b3614c8eddd0b2407c89377c1a59380640dd9",
                "sha256:524a8a593ae2eb1ec6db761daf0c03f98824e9882ab7df3d458d0c76c7ade255",
                "sha256:552670f0c8bff103656d4e4b1f2c018f789c9de03f7615ed5e547d5b1b83cda0",
                "sha256:57157a4b936e28e2fbe7017b2f6a751da5e284675cab371f2c596d4e0e4f58f3",
                "sha256:5762f6445a611b34eb500260303483520bd73e6816a39503378444d551e92f7c",
                "sha256:576a7d4b99465d38112c72f7f3d345f9d16aeeff0f923a3b298c13e15ab4f0ad",
                "sha256:5a3974236cb842b4ef50a5a6bfad9c7d83a713af68ea3592ba240bbcb863305a",
                "sha256:5e57968139d81367117ed7b75d921445a575d4d7e61536f5e860475df92ac0a9",
                "sha256:60ea9f07fbbcc7c88f922082eb27436dce6756730fdef76a3a9b4c972d0a57a3",
                "sha256:63af710e9700dbf91abccf119c5f5533b9830286d29edb073803d3b252862c0d",
                "sha256:647118a58dca7d3547714fc0b383aebf81f5852f4173dfd77dd34e80eea9d29b",
                "sha256:649cb906882c4058f467f334fb277083998ba5672ffec6a95d6700db577fd31a",
                "sha256:66c7b332532e0f021d784d04488dbf7ed39b7e7d6d5505e282ec8e9cf1025791",
                "sha256:73fa8a7eee44fd95ba7d5cf537340ff3ff34efeb1f7d6790532d0a6ed4dee575",
                "sha256:7631304106487480ebbd8acbe44ff1e69d1fdc27e83d9753dc1fd227cea10761",
                "sha256:7a476310f3c9bdba08ab4b1d4309ee308a1b9e22823210fd7b48c83709e95ac4",
                "sha256:7c285614a3e8570b03174a25db642e449b0e7f77a6c9e487b73b05c9bf228ee6",
                "sha256:816e66116f0ef868eff0463a8b28774af8b547466dbad30c8e82bf0325041848",
                "sha256:83c05bea05e151754357f8e6bbb80d5accead5110dc58f64e283173c71ec9de2",
                "sha256:853ec7da97642eabaf94d3de4453a86365729327d920af167bf14b2e87b24dce",
                "sha256:a01a2054d50b50c121c720739a2216d855c48726b0002894de9b991cdd68a2a5",
                "sha256:aad6efe82b085bf77cec2a047ded2c810e93eced3ccf1a8e3faec3317df3cd52",
                "sha256:aae7d96f7b2b1a2753349130797543e61e93ee2ace8faa7fbe0565e2eb5d815f",
                "sha256:acc46a9e47efad8c5229e644a3774169013a46ee28ac72d1fa4edd67c0b7ee9b",
                "sha256:addaaa62c357e8de3d0fca2fce1acf5b72f4bbf4e7bb35ce1dd68e40e73880f9",
                "sha256:b8c46765d6ac5727a899190aacdeec7a57f8c93346124ddd7e12633b573e2e65",
                "sha256:b8c6813110c0d9fde18674b7262f47a2270ae46c0ddd05711e6770caa3c9a3fb",
                "sha256:b9836c28ba350d8182a51f32ef9bb29f0c40e82ba1dfb9e4371cd4d94338a55d",
                "sha256:ba0e75a390334221744e2666fd2d4c82419b580c9bc8d6e0d2d61459d263f3af",
                "sha256:be040c8cdaf9c2d5ae9ab60a67ecab453ec19d9ccd457a678053fdceab5ee4c8",
                "sha256:c33477af1a50d1b4d86555e098fc2cf5992d839ad538dea0c00a8682162b7a75",
                "sha256:c3fc24cb1f4ec60ed83162d4bba0c26abc6c9ae78c928805583673f3b3ea6984",
                "sha256:ccc801f6d71ebee2ec2fb3acc64b218fa7cdb7f57933b2f8eee15396b662a0a0",
                "sha256:ce21e3dc5939b83d03f871090d83ac29fef055bd057f8d3074b6cad10f86b04c",
                "sha256:d41288ca2a3eb9ac7c8cad4ea86ef8d63b69dc46c9b65c2bbd35331ec2a0fc57",
                "sha256:d5710c0e04c37932984241282d3011304c35eb798a0026d84e1bd3525266d026",
                "sha256:d65df9c015e33f74ea9d1abf474971abca21e347a660384f8227dbdab75a33ca",
                "sha256:db5689bd2c1cf1dc4f4e94ec8a012ea521f9892a85b3c694fa9ace7cdc2d0416",
                "sha256:defe93944526b1774265c16acf014689cb1b0b18eb84a7b370083b214f9e18cd",
                "sha256:e2a34a7391f4cc54fc584e49db6f7c3929221a9da08b3af2d2689884a5943843",
                "sha256:e4a48fc5c712b3db85c9987cfa7fde0366b7930018de262919afd9e52cfbc375",
                "sha256:e6b30defa4a52d3698cd84d608963a8932f7e9b6ec5130087e7082552ac685e5",
                "sha256:e7ceb35c41b86711a1b284c604e2b944a2d46cb1b8dd3f8b430a9155491378f2",
                "sha256:e8ec48d1db9f44c737b13be4299a1782d5fde3e75423acbbbe927cb37ebbe87d",
                "sha256:f043abdf20845bf29a554e95e4fe18d7d7a463095d6a1547699a12f80da91e02",
                "sha256:f22eeb86861cf7b8ee6886361d52abb88e3cd96c6f6d102e45e2604fc6e9e316"
            ],
            "index": "pypi",
            "markers": "python_version >= '3.9'",
            "version": "==4.15.5"
        },
        "pyyaml": {
            "hashes": [
                "sha256:01179a4a8559ab5de078078f37e5c1a30d76bb88519906844fd7bdea1b7729ff",
                "sha256:0833f8694549e586547b576dcfaba4a6b55b9e96098b36cdc7ebefe667dfed48",
                "sha256:0a9a2848a5b7feac301353437eb7d5957887edbf81d56e903999a75a3d743086",
                "sha256:0b69e4ce7a131fe56b7e4d770c67429700908fc0752af059838b1cfb41960e4e",
                "sha256:0ffe8360bab4910ef1b9e87fb812d8bc0a308b0d0eef8c8f44e0254ab3b07133",
                "sha256:11d8f3dd2b9c1207dcaf2ee0bbbfd5991f571186ec9cc78427ba5bd32afae4b5",
                "sha256:17e311b6c678207928d649faa7cb0d7b4c26a0ba73d41e99c4fff6b6c3276484",
                "sha256:1e2120ef853f59c7419231f3bf4e7021f1b936f6ebd222406c3b60212205d2ee",
                "sha256:1f71ea527786de97d1a0cc0eacd1defc0985dcf6b3f17bb77dcfc8c34bec4dc5",
                "sha256:23502f431948090f597378482b4812b0caae32c22213aecf3b55325e049a6c68",
                "sha256:24471b829b3bf607e04e88d79542a9d48bb037c2267d7927a874e6c205ca7e9a",
                "sha256:29717114e51c84ddfba879543fb232a6ed60086602313ca38cce623c1d62cfbf",
                "sha256:2e99c6826ffa974fe6e27cdb5ed0021786b03fc98e5ee3c5bfe1fd5015f42b99",
                "sha256:39693e1f8320ae4f43943590b49779ffb98acb81f788220ea932a6b6c51004d8",
                "sha256:3ad2a3decf9aaba3d29c8f537ac4b243e36bef957511b4766cb0057d32b0be85",
                "sha256:3b1fdb9dc17f5a7677423d508ab4f243a726dea51fa5e70992e59a7411c89d19",
                "sha256:41e4e3953a79407c794916fa277a82531dd93aad34e29c2a514c2c0c5fe971cc",
                "sha256:43fa96a3ca0d6b1812e01ced1044a003533c47f6ee8aca31724f78e93ccc089a",
                "sha256:50187695423ffe49e2deacb8cd10510bc361faac997de9efef88badc3bb9e2d1",
                "sha256:5ac9328ec4831237bec75defaf839f7d4564be1e6b25ac710bd1a96321cc8317",
                "sha256:5d225db5a45f21e78dd9358e58a98702a0302f2659a3c6cd320564b75b86f47c",
                "sha256:6395c297d42274772abc367baaa79683958044e5d3835486c16da75d2a694631",
                "sha256:688ba32a1cffef67fd2e9398a2efebaea461578b0923624778664cc1c914db5d",
                "sha256:68ccc6023a3400877818152ad9a1033e3db8625d899c72eacb5a668902e4d652",
                "sha256:70b189594dbe54f75ab3a1acec5f1e3faa7e8cf2f1e08d9b561cb41b845f69d5",
                "sha256:797b4f722ffa07cc8d62053e4cff1486fa6dc094105d13fea7b1de7d8bf71c9e",
                "sha256:7c36280e6fb8385e520936c3cb3b8042851904eba0e58d277dca80a5cfed590b",
                "sha256:7e7401d0de89a9a855c839bc697c079a4af81cf878373abd7dc625847d25cbd8",
                "sha256:80bab7bfc629882493af4aa31a4cfa43a4c57c83813253626916b8c7ada83476",
                "sha256:82d09873e40955485746739bcb8b4586983670466c23382c19cffecbf1fd8706",
                "sha256:8388ee1976c416731879ac16da0aff3f63b286ffdd57cdeb95f3f2e085687563",
                "sha256:8824b5a04a04a047e72eea5cec3bc266db09e35de6bdfe34c9436ac5ee27d237",
                "sha256:8b9c7197f7cb2738065c481a0461e50ad02f18c78cd75775628afb4d7137fb3b",
                "sha256:9056c1ecd25795207ad294bcf39f2db3d845767be0ea6e6a34d856f006006083",
                "sha256:936d68689298c36b53b29f23c6dbb74de12b4ac12ca6cfe0e047bedceea56180",
                "sha256:9b22676e8097e9e22e36d6b7bda33190d0d400f345f23d4065d48f4ca7ae0425",
                "sha256:a4d3091415f010369ae4ed1fc6b79def9416358877534caf6a0fdd2146c87a3e",
                "sha256:a8786accb172bd8afb8be14490a16625cbc387036876ab6ba70912730faf8e1f",
                "sha256:a9f8c2e67970f13b16084e04f134610fd1d374bf477b17ec1599185cf611d725",
                "sha256:bc2fa7c6b47d6bc618dd7fb02ef6fdedb1090ec036abab80d4681424b84c1183",
                "sha256:c70c95198c015b85feafc136515252a261a84561b7b1d51e3384e0655ddf25ab",
                "sha256:cc1c1159b3d456576af7a3e4d1ba7e6924cb39de8f67111c735f6fc832082774",
                "sha256:ce826d6ef20b1bc864f0a68340c8b3287705cae2f8b4b1d932177dcc76721725",
                "sha256:d584d9ec91ad65861cc08d42e834324ef890a082e591037abe114850ff7bbc3e",
                "sha256:d7fded462629cfa4b685c5416b949ebad6cec74af5e2d42905d41e257e0869f5",
                "sha256:d84a1718ee396f54f3a086ea0a66d8e552b2ab2017ef8b420e92edbc841c352d",
                "sha256:d8e03406cac8513435335dbab54c0d385e4a49e4945d2909a581c83647ca0290",
                "sha256:e10ce637b18caea04431ce14fabcf5c64a1c61ec9c56b071a4b7ca131ca52d44",
                "sha256:ec031d5d2feb36d1d1a24380e4db6d43695f3748343d99434e6f5f9156aaa2ed",
                "sha256:ef6107725bd54b262d6dedcc2af448a266975032bc85ef0172c5f059da6325b4",
                "sha256:efdca5630322a10774e8e98e1af481aad470dd62c3170801852d752aa7a783ba",
                "sha256:f753120cb8181e736c57ef7636e83f31b9c0d1722c516f7e86cf15b7aa57ff12",
                "sha256:ff3824dc5261f50c9b0dfb3be22b4567a6f938ccce4587b38952d85fd9e9afe4"
            ],
            "index": "pypi",
            "markers": "python_version >= '3.8'",
            "version": "==6.0.2"
        },
        "requests": {
            "hashes": [
                "sha256:55365417734eb18255590a9ff9eb97e9e1da868d4ccd6402399eaf68af20a760",
                "sha256:70761cfe03c773ceb22aa2f671b4757976145175cdfca038c02654d061d6dcc6"
            ],
            "markers": "python_version >= '3.8'",
            "version": "==2.32.3"
        },
        "semantic-version": {
            "hashes": [
                "sha256:bdabb6d336998cbb378d4b9db3a4b56a1e3235701dc05ea2690d9a997ed5041c",
                "sha256:de78a3b8e0feda74cabc54aab2da702113e33ac9d9eb9d2389bcf1f58b7d9177"
            ],
            "index": "pypi",
            "markers": "python_version >= '2.7'",
            "version": "==2.10.0"
        },
        "six": {
            "hashes": [
                "sha256:4721f391ed90541fddacab5acf947aa0d3dc7d27b2e1e8eda2be8970586c3274",
                "sha256:ff70335d468e7eb6ec65b95b99d3a2836546063f63acc5171de367e834932a81"
            ],
            "markers": "python_version >= '2.7' and python_version not in '3.0, 3.1, 3.2'",
            "version": "==1.17.0"
        },
        "urllib3": {
            "hashes": [
                "sha256:ca899ca043dcb1bafa3e262d73aa25c465bfb49e0bd9dd5d59f1d0acba2f8fac",
                "sha256:e7d814a81dad81e6caf2ec9fdedb284ecc9c73076b62654547cc64ccdcae26e9"
            ],
            "markers": "python_version >= '3.8'",
            "version": "==2.2.3"
        },
        "uwsgi": {
            "hashes": [
                "sha256:4cc4727258671ac5fa17ab422155e9aaef8a2008ebb86e4404b66deaae965db2"
            ],
            "index": "pypi",
            "version": "==2.0.22"
        }
    },
    "develop": {
        "coverage": {
            "hashes": [
                "sha256:06a737c882bd26d0d6ee7269b20b12f14a8704807a01056c80bb881a4b2ce6ca",
                "sha256:07e2ca0ad381b91350c0ed49d52699b625aab2b44b65e1b4e02fa9df0e92ad2d",
                "sha256:0c0420b573964c760df9e9e86d1a9a622d0d27f417e1a949a8a66dd7bcee7bc6",
                "sha256:0dbde0f4aa9a16fa4d754356a8f2e36296ff4d83994b2c9d8398aa32f222f989",
                "sha256:1125ca0e5fd475cbbba3bb67ae20bd2c23a98fac4e32412883f9bcbaa81c314c",
                "sha256:13b0a73a0896988f053e4fbb7de6d93388e6dd292b0d87ee51d106f2c11b465b",
                "sha256:166811d20dfea725e2e4baa71fffd6c968a958577848d2131f39b60043400223",
                "sha256:170d444ab405852903b7d04ea9ae9b98f98ab6d7e63e1115e82620807519797f",
                "sha256:1f4aa8219db826ce6be7099d559f8ec311549bfc4046f7f9fe9b5cea5c581c56",
                "sha256:225667980479a17db1048cb2bf8bfb39b8e5be8f164b8f6628b64f78a72cf9d3",
                "sha256:260933720fdcd75340e7dbe9060655aff3af1f0c5d20f46b57f262ab6c86a5e8",
                "sha256:2bdb062ea438f22d99cba0d7829c2ef0af1d768d1e4a4f528087224c90b132cb",
                "sha256:2c09f4ce52cb99dd7505cd0fc8e0e37c77b87f46bc9c1eb03fe3bc9991085388",
                "sha256:3115a95daa9bdba70aea750db7b96b37259a81a709223c8448fa97727d546fe0",
                "sha256:3e0cadcf6733c09154b461f1ca72d5416635e5e4ec4e536192180d34ec160f8a",
                "sha256:3f1156e3e8f2872197af3840d8ad307a9dd18e615dc64d9ee41696f287c57ad8",
                "sha256:4421712dbfc5562150f7554f13dde997a2e932a6b5f352edcce948a815efee6f",
                "sha256:44df346d5215a8c0e360307d46ffaabe0f5d3502c8a1cefd700b34baf31d411a",
                "sha256:502753043567491d3ff6d08629270127e0c31d4184c4c8d98f92c26f65019962",
                "sha256:547f45fa1a93154bd82050a7f3cddbc1a7a4dd2a9bf5cb7d06f4ae29fe94eaf8",
                "sha256:5621a9175cf9d0b0c84c2ef2b12e9f5f5071357c4d2ea6ca1cf01814f45d2391",
                "sha256:609b06f178fe8e9f89ef676532760ec0b4deea15e9969bf754b37f7c40326dbc",
                "sha256:645786266c8f18a931b65bfcefdbf6952dd0dea98feee39bd188607a9d307ed2",
                "sha256:6878ef48d4227aace338d88c48738a4258213cd7b74fd9a3d4d7582bb1d8a155",
                "sha256:6a89ecca80709d4076b95f89f308544ec8f7b4727e8a547913a35f16717856cb",
                "sha256:6db04803b6c7291985a761004e9060b2bca08da6d04f26a7f2294b8623a0c1a0",
                "sha256:6e2cd258d7d927d09493c8df1ce9174ad01b381d4729a9d8d4e38670ca24774c",
                "sha256:6e81d7a3e58882450ec4186ca59a3f20a5d4440f25b1cff6f0902ad890e6748a",
                "sha256:702855feff378050ae4f741045e19a32d57d19f3e0676d589df0575008ea5004",
                "sha256:78b260de9790fd81e69401c2dc8b17da47c8038176a79092a89cb2b7d945d060",
                "sha256:7bb65125fcbef8d989fa1dd0e8a060999497629ca5b0efbca209588a73356232",
                "sha256:7dea0889685db8550f839fa202744652e87c60015029ce3f60e006f8c4462c93",
                "sha256:8284cf8c0dd272a247bc154eb6c95548722dce90d098c17a883ed36e67cdb129",
                "sha256:877abb17e6339d96bf08e7a622d05095e72b71f8afd8a9fefc82cf30ed944163",
                "sha256:8929543a7192c13d177b770008bc4e8119f2e1f881d563fc6b6305d2d0ebe9de",
                "sha256:8ae539519c4c040c5ffd0632784e21b2f03fc1340752af711f33e5be83a9d6c6",
                "sha256:8f59d57baca39b32db42b83b2a7ba6f47ad9c394ec2076b084c3f029b7afca23",
                "sha256:9054a0754de38d9dbd01a46621636689124d666bad1936d76c0341f7d71bf569",
                "sha256:953510dfb7b12ab69d20135a0662397f077c59b1e6379a768e97c59d852ee51d",
                "sha256:95cae0efeb032af8458fc27d191f85d1717b1d4e49f7cb226cf526ff28179778",
                "sha256:9bc572be474cafb617672c43fe989d6e48d3c83af02ce8de73fff1c6bb3c198d",
                "sha256:9c56863d44bd1c4fe2abb8a4d6f5371d197f1ac0ebdee542f07f35895fc07f36",
                "sha256:9e0b2df163b8ed01d515807af24f63de04bebcecbd6c3bfeff88385789fdf75a",
                "sha256:a09ece4a69cf399510c8ab25e0950d9cf2b42f7b3cb0374f95d2e2ff594478a6",
                "sha256:a1ac0ae2b8bd743b88ed0502544847c3053d7171a3cff9228af618a068ed9c34",
                "sha256:a318d68e92e80af8b00fa99609796fdbcdfef3629c77c6283566c6f02c6d6704",
                "sha256:a4acd025ecc06185ba2b801f2de85546e0b8ac787cf9d3b06e7e2a69f925b106",
                "sha256:a6d3adcf24b624a7b778533480e32434a39ad8fa30c315208f6d3e5542aeb6e9",
                "sha256:a78d169acd38300060b28d600344a803628c3fd585c912cacc9ea8790fe96862",
                "sha256:a95324a9de9650a729239daea117df21f4b9868ce32e63f8b650ebe6cef5595b",
                "sha256:abd5fd0db5f4dc9289408aaf34908072f805ff7792632250dcb36dc591d24255",
                "sha256:b06079abebbc0e89e6163b8e8f0e16270124c154dc6e4a47b413dd538859af16",
                "sha256:b43c03669dc4618ec25270b06ecd3ee4fa94c7f9b3c14bae6571ca00ef98b0d3",
                "sha256:b48f312cca9621272ae49008c7f613337c53fadca647d6384cc129d2996d1133",
                "sha256:b5d7b556859dd85f3a541db6a4e0167b86e7273e1cdc973e5b175166bb634fdb",
                "sha256:b9f222de8cded79c49bf184bdbc06630d4c58eec9459b939b4a690c82ed05657",
                "sha256:c3c02d12f837d9683e5ab2f3d9844dc57655b92c74e286c262e0fc54213c216d",
                "sha256:c44fee9975f04b33331cb8eb272827111efc8930cfd582e0320613263ca849ca",
                "sha256:cf4b19715bccd7ee27b6b120e7e9dd56037b9c0681dcc1adc9ba9db3d417fa36",
                "sha256:d0c212c49b6c10e6951362f7c6df3329f04c2b1c28499563d4035d964ab8e08c",
                "sha256:d3296782ca4eab572a1a4eca686d8bfb00226300dcefdf43faa25b5242ab8a3e",
                "sha256:d85f5e9a5f8b73e2350097c3756ef7e785f55bd71205defa0bfdaf96c31616ff",
                "sha256:da511e6ad4f7323ee5702e6633085fb76c2f893aaf8ce4c51a0ba4fc07580ea7",
                "sha256:e05882b70b87a18d937ca6768ff33cc3f72847cbc4de4491c8e73880766718e5",
                "sha256:e61c0abb4c85b095a784ef23fdd4aede7a2628478e7baba7c5e3deba61070a02",
                "sha256:e6a08c0be454c3b3beb105c0596ebdc2371fab6bb90c0c0297f4e58fd7e1012c",
                "sha256:e9a6e0eb86070e8ccaedfbd9d38fec54864f3125ab95419970575b42af7541df",
                "sha256:ed37bd3c3b063412f7620464a9ac1314d33100329f39799255fb8d3027da50d3",
                "sha256:f1adfc8ac319e1a348af294106bc6a8458a0f1633cc62a1446aebc30c5fa186a",
                "sha256:f5796e664fe802da4f57a168c85359a8fbf3eab5e55cd4e4569fbacecc903959",
                "sha256:fc5a77d0c516700ebad189b587de289a20a78324bc54baee03dd486f0855d234",
                "sha256:fd21f6ae3f08b41004dfb433fa895d858f3f5979e7762d052b12aef444e29afc"
            ],
            "index": "pypi",
            "markers": "python_version >= '3.8'",
            "version": "==7.6.1"
        }
    }
}
